
Microsoft Visual Studio Solution File, Format Version 12.00
# Visual Studio Version 16
VisualStudioVersion = 16.0.29911.84
MinimumVisualStudioVersion = 10.0.40219.1
Project("{FAE04EC0-301F-11D3-BF4B-00C04F79EFBC}") = "AutoMeasurement", "AutoMeasurement\AutoMeasurement.csproj", "{FC25B80D-ABCD-4EF4-BB2F-51BCE00A886D}"
EndProject
Global
	GlobalSection(SolutionConfigurationPlatforms) = preSolution
		Debug|Any CPU = Debug|Any CPU
		Release|Any CPU = Release|Any CPU
	EndGlobalSection
	GlobalSection(ProjectConfigurationPlatforms) = postSolution
		{FC25B80D-ABCD-4EF4-BB2F-51BCE00A886D}.Debug|Any CPU.ActiveCfg = Debug|Any CPU
		{FC25B80D-ABCD-4EF4-BB2F-51BCE00A886D}.Debug|Any CPU.Build.0 = Debug|Any CPU
		{FC25B80D-ABCD-4EF4-BB2F-51BCE00A886D}.Release|Any CPU.ActiveCfg = Release|Any CPU
		{FC25B80D-ABCD-4EF4-BB2F-51BCE00A886D}.Release|Any CPU.Build.0 = Release|Any CPU
	EndGlobalSection
	GlobalSection(SolutionProperties) = preSolution
		HideSolutionNode = FALSE
	EndGlobalSection
	GlobalSection(ExtensibilityGlobals) = postSolution
		SolutionGuid = {12A6CC97-48B6-4F94-9FD8-6045289247A0}
	EndGlobalSection
EndGlobal
